// !$*UTF8*$!
{
	archiveVersion = 1;
	classes = {
	};
	objectVersion = 46;
	objects = {

/* Begin PBXBuildFile section */
		10471619A3FB1F0E2DB44A53 /* Pods_UtilsDemo.framework in Frameworks */ = {isa = PBXBuildFile; fileRef = 38EDCF8174A44F6B6E12E216 /* Pods_UtilsDemo.framework */; };
		5A230634B298C7864A0C9568 /* Pods_UtilsDemoUITests.framework in Frameworks */ = {isa = PBXBuildFile; fileRef = B3D7E4FF1C5AB2926C09C22E /* Pods_UtilsDemoUITests.framework */; };
		790174C61DC790CD00D87D2A /* AppDelegate+RootController.m in Sources */ = {isa = PBXBuildFile; fileRef = 790174C51DC790CD00D87D2A /* AppDelegate+RootController.m */; };
		790174C91DC790F800D87D2A /* AppDelegate+AppService.m in Sources */ = {isa = PBXBuildFile; fileRef = 790174C81DC790F800D87D2A /* AppDelegate+AppService.m */; };
		790539D11DA61E96002EB686 /* NSArray+Common.m in Sources */ = {isa = PBXBuildFile; fileRef = 790539CE1DA61E96002EB686 /* NSArray+Common.m */; };
		790539D21DA61E96002EB686 /* NSDictionary+Common.m in Sources */ = {isa = PBXBuildFile; fileRef = 790539D01DA61E96002EB686 /* NSDictionary+Common.m */; };
		790539D71DA627C3002EB686 /* UIButton+Block.m in Sources */ = {isa = PBXBuildFile; fileRef = 790539D61DA627C3002EB686 /* UIButton+Block.m */; };
		79092BD51E5E7DC50037345C /* UIButton+Common.m in Sources */ = {isa = PBXBuildFile; fileRef = 79092BD41E5E7DC50037345C /* UIButton+Common.m */; };
		7912DE8A1E4C004F007307F6 /* TTAHUDTestTableViewController.m in Sources */ = {isa = PBXBuildFile; fileRef = 7912DE891E4C004F007307F6 /* TTAHUDTestTableViewController.m */; };
		7912DE8C1E4C20D4007307F6 /* TTAHUDIcon.bundle in Resources */ = {isa = PBXBuildFile; fileRef = 7912DE8B1E4C20D4007307F6 /* TTAHUDIcon.bundle */; };
		791EE4371E53362800C80B6E /* TTAService.m in Sources */ = {isa = PBXBuildFile; fileRef = 791EE4361E53362800C80B6E /* TTAService.m */; };
		791EE43B1E533EA600C80B6E /* TTAApiManager.m in Sources */ = {isa = PBXBuildFile; fileRef = 791EE43A1E533EA600C80B6E /* TTAApiManager.m */; };
		791EE43E1E5353B200C80B6E /* TTAProductApiService.m in Sources */ = {isa = PBXBuildFile; fileRef = 791EE43D1E5353B200C80B6E /* TTAProductApiService.m */; };
		791EE4411E535A4000C80B6E /* TTAServiceFactory.m in Sources */ = {isa = PBXBuildFile; fileRef = 791EE4401E535A4000C80B6E /* TTAServiceFactory.m */; };
		79214DA21E4ACB8F0085041A /* UILabel+Common.m in Sources */ = {isa = PBXBuildFile; fileRef = 79214DA11E4ACB8F0085041A /* UILabel+Common.m */; };
		79243E661DDB63CA008E35C4 /* UINavigationController+Common.m in Sources */ = {isa = PBXBuildFile; fileRef = 79243E651DDB63CA008E35C4 /* UINavigationController+Common.m */; };
		7926A1761DC8DD6100DF4744 /* TTACoreDataManagedContext.m in Sources */ = {isa = PBXBuildFile; fileRef = 7926A1751DC8DD6100DF4744 /* TTACoreDataManagedContext.m */; };
		792B1BCC1DB92CA200FF326D /* NSString+RegularExpression.m in Sources */ = {isa = PBXBuildFile; fileRef = 792B1BCB1DB92CA200FF326D /* NSString+RegularExpression.m */; };
		792B1BD11DB92CEF00FF326D /* UIColor+Common.m in Sources */ = {isa = PBXBuildFile; fileRef = 792B1BCE1DB92CEF00FF326D /* UIColor+Common.m */; };
		792B1BD21DB92CEF00FF326D /* UIImage+Common.m in Sources */ = {isa = PBXBuildFile; fileRef = 792B1BD01DB92CEF00FF326D /* UIImage+Common.m */; };
		792B1BD51DB92D1C00FF326D /* NSObject+Log.m in Sources */ = {isa = PBXBuildFile; fileRef = 792B1BD41DB92D1C00FF326D /* NSObject+Log.m */; };
		792B1BD81DB92E4C00FF326D /* NSString+Matching.m in Sources */ = {isa = PBXBuildFile; fileRef = 792B1BD71DB92E4C00FF326D /* NSString+Matching.m */; };
		792D70321DCEE99700C3E8FF /* TTABaseArrayDataSource.m in Sources */ = {isa = PBXBuildFile; fileRef = 792D702B1DCEE99700C3E8FF /* TTABaseArrayDataSource.m */; };
		792D70331DCEE99700C3E8FF /* TTABaseCollectionViewController.m in Sources */ = {isa = PBXBuildFile; fileRef = 792D702D1DCEE99700C3E8FF /* TTABaseCollectionViewController.m */; };
		792D70341DCEE99700C3E8FF /* TTABaseTableViewController.m in Sources */ = {isa = PBXBuildFile; fileRef = 792D702F1DCEE99700C3E8FF /* TTABaseTableViewController.m */; };
		792D70351DCEE99700C3E8FF /* TTABaseViewController.m in Sources */ = {isa = PBXBuildFile; fileRef = 792D70311DCEE99700C3E8FF /* TTABaseViewController.m */; };
		792D70381DCEE9A200C3E8FF /* TTAMainTabBarController.m in Sources */ = {isa = PBXBuildFile; fileRef = 792D70371DCEE9A200C3E8FF /* TTAMainTabBarController.m */; };
		792D703B1DCEF79C00C3E8FF /* UIAlertController+Block.m in Sources */ = {isa = PBXBuildFile; fileRef = 792D703A1DCEF79C00C3E8FF /* UIAlertController+Block.m */; };
		792D70411DCF1DF500C3E8FF /* UIView+Effect.m in Sources */ = {isa = PBXBuildFile; fileRef = 792D70401DCF1DF500C3E8FF /* UIView+Effect.m */; };
		792D70441DCF2ECA00C3E8FF /* TTAViewController.m in Sources */ = {isa = PBXBuildFile; fileRef = 792D70431DCF2ECA00C3E8FF /* TTAViewController.m */; };
		792D70471DCF30B800C3E8FF /* TTAViewController2.m in Sources */ = {isa = PBXBuildFile; fileRef = 792D70461DCF30B800C3E8FF /* TTAViewController2.m */; };
		795AC74C1DB3323D00419703 /* UIView+Common.m in Sources */ = {isa = PBXBuildFile; fileRef = 795AC74B1DB3323D00419703 /* UIView+Common.m */; };
		795AC7521DB3403900419703 /* UIViewCommon.swift in Sources */ = {isa = PBXBuildFile; fileRef = 795AC7511DB3403900419703 /* UIViewCommon.swift */; };
		797D21F11D8AED2800770B72 /* main.m in Sources */ = {isa = PBXBuildFile; fileRef = 797D21F01D8AED2800770B72 /* main.m */; };
		797D21F41D8AED2800770B72 /* AppDelegate.m in Sources */ = {isa = PBXBuildFile; fileRef = 797D21F31D8AED2800770B72 /* AppDelegate.m */; };
		797D21FC1D8AED2800770B72 /* Assets.xcassets in Resources */ = {isa = PBXBuildFile; fileRef = 797D21FB1D8AED2800770B72 /* Assets.xcassets */; };
		797D21FF1D8AED2800770B72 /* LaunchScreen.storyboard in Resources */ = {isa = PBXBuildFile; fileRef = 797D21FD1D8AED2800770B72 /* LaunchScreen.storyboard */; };
		797D220A1D8AED2800770B72 /* UtilsDemoTests.m in Sources */ = {isa = PBXBuildFile; fileRef = 797D22091D8AED2800770B72 /* UtilsDemoTests.m */; };
		797D22151D8AED2800770B72 /* UtilsDemoUITests.m in Sources */ = {isa = PBXBuildFile; fileRef = 797D22141D8AED2800770B72 /* UtilsDemoUITests.m */; };
		797D22261D8AEDB100770B72 /* UIView+Frame.m in Sources */ = {isa = PBXBuildFile; fileRef = 797D22251D8AEDB100770B72 /* UIView+Frame.m */; };
		79B03E521E5154820090A72F /* TTAApiProxy.m in Sources */ = {isa = PBXBuildFile; fileRef = 79B03E511E5154820090A72F /* TTAApiProxy.m */; };
		79B03E591E516D150090A72F /* TTALanguageTool.m in Sources */ = {isa = PBXBuildFile; fileRef = 79B03E581E516D150090A72F /* TTALanguageTool.m */; };
		79B03E5C1E5193510090A72F /* Localizable.strings in Resources */ = {isa = PBXBuildFile; fileRef = 79B03E5E1E5193510090A72F /* Localizable.strings */; };
		79B03E641E5195790090A72F /* InfoPlist.strings in Resources */ = {isa = PBXBuildFile; fileRef = 79B03E661E5195790090A72F /* InfoPlist.strings */; };
		79B03E691E51B0550090A72F /* TTARequest.m in Sources */ = {isa = PBXBuildFile; fileRef = 79B03E681E51B0550090A72F /* TTARequest.m */; };
		79B03E6C1E51B5050090A72F /* TTAResponse.m in Sources */ = {isa = PBXBuildFile; fileRef = 79B03E6B1E51B5050090A72F /* TTAResponse.m */; };
		79C604AE1DCCDE56001CA4A0 /* TTATestTableViewController.m in Sources */ = {isa = PBXBuildFile; fileRef = 79C604AD1DCCDE56001CA4A0 /* TTATestTableViewController.m */; };
		79C960E61DB9D67E00A28335 /* TTAWebViewController.m in Sources */ = {isa = PBXBuildFile; fileRef = 79C960E31DB9D67E00A28335 /* TTAWebViewController.m */; };
		79C960E71DB9D67E00A28335 /* ZLCWebView.m in Sources */ = {isa = PBXBuildFile; fileRef = 79C960E51DB9D67E00A28335 /* ZLCWebView.m */; };
		79C960E91DB9D6C800A28335 /* TestPay.html in Resources */ = {isa = PBXBuildFile; fileRef = 79C960E81DB9D6C800A28335 /* TestPay.html */; };
		79E6E6671E5DC60B000A7DBB /* UIView+LayoutMethods.m in Sources */ = {isa = PBXBuildFile; fileRef = 79E6E6661E5DC60B000A7DBB /* UIView+LayoutMethods.m */; };
		79E869FC1E53F91D00A66933 /* TTANetworkConfigurations.plist in Resources */ = {isa = PBXBuildFile; fileRef = 79E869FB1E53F91D00A66933 /* TTANetworkConfigurations.plist */; };
		79E86A001E53F9E200A66933 /* TTAAppContext.m in Sources */ = {isa = PBXBuildFile; fileRef = 79E869FF1E53F9E200A66933 /* TTAAppContext.m */; };
		79E86A041E54072200A66933 /* TTARequestTests.m in Sources */ = {isa = PBXBuildFile; fileRef = 79E86A031E54072200A66933 /* TTARequestTests.m */; };
		79E86A081E540E9400A66933 /* NSString+Hash.m in Sources */ = {isa = PBXBuildFile; fileRef = 79E86A071E540E9400A66933 /* NSString+Hash.m */; };
		79F4CD391E4B55000038D915 /* TTAHUD.m in Sources */ = {isa = PBXBuildFile; fileRef = 79F4CD381E4B55000038D915 /* TTAHUD.m */; };
		79F4CD3C1E4B5F8D0038D915 /* NSString+Common.m in Sources */ = {isa = PBXBuildFile; fileRef = 79F4CD3B1E4B5F8D0038D915 /* NSString+Common.m */; };
		87B4979297EDEEFFDE58D9C8 /* Pods_UtilsDemoTests.framework in Frameworks */ = {isa = PBXBuildFile; fileRef = 30C061EF37805FF7E9CDF40E /* Pods_UtilsDemoTests.framework */; };
/* End PBXBuildFile section */

/* Begin PBXContainerItemProxy section */
		797D22061D8AED2800770B72 /* PBXContainerItemProxy */ = {
			isa = PBXContainerItemProxy;
			containerPortal = 797D21E41D8AED2800770B72 /* Project object */;
			proxyType = 1;
			remoteGlobalIDString = 797D21EB1D8AED2800770B72;
			remoteInfo = UtilsDemo;
		};
		797D22111D8AED2800770B72 /* PBXContainerItemProxy */ = {
			isa = PBXContainerItemProxy;
			containerPortal = 797D21E41D8AED2800770B72 /* Project object */;
			proxyType = 1;
			remoteGlobalIDString = 797D21EB1D8AED2800770B72;
			remoteInfo = UtilsDemo;
		};
/* End PBXContainerItemProxy section */

/* Begin PBXFileReference section */
		055FF4B2B927219B2B10E4D4 /* Pods-UtilsDemoUITests.release.xcconfig */ = {isa = PBXFileReference; includeInIndex = 1; lastKnownFileType = text.xcconfig; name = "Pods-UtilsDemoUITests.release.xcconfig"; path = "Pods/Target Support Files/Pods-UtilsDemoUITests/Pods-UtilsDemoUITests.release.xcconfig"; sourceTree = "<group>"; };
		1E90CF879C8C3B650315D963 /* Pods-UtilsDemoTests.debug.xcconfig */ = {isa = PBXFileReference; includeInIndex = 1; lastKnownFileType = text.xcconfig; name = "Pods-UtilsDemoTests.debug.xcconfig"; path = "Pods/Target Support Files/Pods-UtilsDemoTests/Pods-UtilsDemoTests.debug.xcconfig"; sourceTree = "<group>"; };
		30C061EF37805FF7E9CDF40E /* Pods_UtilsDemoTests.framework */ = {isa = PBXFileReference; explicitFileType = wrapper.framework; includeInIndex = 0; path = Pods_UtilsDemoTests.framework; sourceTree = BUILT_PRODUCTS_DIR; };
		38EDCF8174A44F6B6E12E216 /* Pods_UtilsDemo.framework */ = {isa = PBXFileReference; explicitFileType = wrapper.framework; includeInIndex = 0; path = Pods_UtilsDemo.framework; sourceTree = BUILT_PRODUCTS_DIR; };
		63862C738628559F50F65683 /* Pods-UtilsDemo.release.xcconfig */ = {isa = PBXFileReference; includeInIndex = 1; lastKnownFileType = text.xcconfig; name = "Pods-UtilsDemo.release.xcconfig"; path = "Pods/Target Support Files/Pods-UtilsDemo/Pods-UtilsDemo.release.xcconfig"; sourceTree = "<group>"; };
		790174C41DC790CD00D87D2A /* AppDelegate+RootController.h */ = {isa = PBXFileReference; fileEncoding = 4; lastKnownFileType = sourcecode.c.h; path = "AppDelegate+RootController.h"; sourceTree = "<group>"; };
		790174C51DC790CD00D87D2A /* AppDelegate+RootController.m */ = {isa = PBXFileReference; fileEncoding = 4; lastKnownFileType = sourcecode.c.objc; path = "AppDelegate+RootController.m"; sourceTree = "<group>"; };
		790174C71DC790F800D87D2A /* AppDelegate+AppService.h */ = {isa = PBXFileReference; fileEncoding = 4; lastKnownFileType = sourcecode.c.h; path = "AppDelegate+AppService.h"; sourceTree = "<group>"; };
		790174C81DC790F800D87D2A /* AppDelegate+AppService.m */ = {isa = PBXFileReference; fileEncoding = 4; lastKnownFileType = sourcecode.c.objc; path = "AppDelegate+AppService.m"; sourceTree = "<group>"; };
		790539CD1DA61E96002EB686 /* NSArray+Common.h */ = {isa = PBXFileReference; fileEncoding = 4; lastKnownFileType = sourcecode.c.h; path = "NSArray+Common.h"; sourceTree = "<group>"; };
		790539CE1DA61E96002EB686 /* NSArray+Common.m */ = {isa = PBXFileReference; fileEncoding = 4; lastKnownFileType = sourcecode.c.objc; path = "NSArray+Common.m"; sourceTree = "<group>"; };
		790539CF1DA61E96002EB686 /* NSDictionary+Common.h */ = {isa = PBXFileReference; fileEncoding = 4; lastKnownFileType = sourcecode.c.h; path = "NSDictionary+Common.h"; sourceTree = "<group>"; };
		790539D01DA61E96002EB686 /* NSDictionary+Common.m */ = {isa = PBXFileReference; fileEncoding = 4; lastKnownFileType = sourcecode.c.objc; path = "NSDictionary+Common.m"; sourceTree = "<group>"; };
		790539D41DA61F5B002EB686 /* GlobalUtils.pch */ = {isa = PBXFileReference; lastKnownFileType = sourcecode.c.h; path = GlobalUtils.pch; sourceTree = "<group>"; };
		790539D51DA627C3002EB686 /* UIButton+Block.h */ = {isa = PBXFileReference; fileEncoding = 4; lastKnownFileType = sourcecode.c.h; path = "UIButton+Block.h"; sourceTree = "<group>"; };
		790539D61DA627C3002EB686 /* UIButton+Block.m */ = {isa = PBXFileReference; fileEncoding = 4; lastKnownFileType = sourcecode.c.objc; path = "UIButton+Block.m"; sourceTree = "<group>"; };
		79092BD31E5E7DC50037345C /* UIButton+Common.h */ = {isa = PBXFileReference; fileEncoding = 4; lastKnownFileType = sourcecode.c.h; path = "UIButton+Common.h"; sourceTree = "<group>"; };
		79092BD41E5E7DC50037345C /* UIButton+Common.m */ = {isa = PBXFileReference; fileEncoding = 4; lastKnownFileType = sourcecode.c.objc; path = "UIButton+Common.m"; sourceTree = "<group>"; };
		7912DE881E4C004F007307F6 /* TTAHUDTestTableViewController.h */ = {isa = PBXFileReference; fileEncoding = 4; lastKnownFileType = sourcecode.c.h; path = TTAHUDTestTableViewController.h; sourceTree = "<group>"; };
		7912DE891E4C004F007307F6 /* TTAHUDTestTableViewController.m */ = {isa = PBXFileReference; fileEncoding = 4; lastKnownFileType = sourcecode.c.objc; path = TTAHUDTestTableViewController.m; sourceTree = "<group>"; };
		7912DE8B1E4C20D4007307F6 /* TTAHUDIcon.bundle */ = {isa = PBXFileReference; lastKnownFileType = "wrapper.plug-in"; path = TTAHUDIcon.bundle; sourceTree = "<group>"; };
		791EE4351E53362800C80B6E /* TTAService.h */ = {isa = PBXFileReference; fileEncoding = 4; lastKnownFileType = sourcecode.c.h; path = TTAService.h; sourceTree = "<group>"; };
		791EE4361E53362800C80B6E /* TTAService.m */ = {isa = PBXFileReference; fileEncoding = 4; lastKnownFileType = sourcecode.c.objc; path = TTAService.m; sourceTree = "<group>"; };
		791EE4381E533D2000C80B6E /* TTANetworkConfigurations.h */ = {isa = PBXFileReference; fileEncoding = 4; lastKnownFileType = sourcecode.c.h; path = TTANetworkConfigurations.h; sourceTree = "<group>"; };
		791EE4391E533EA600C80B6E /* TTAApiManager.h */ = {isa = PBXFileReference; fileEncoding = 4; lastKnownFileType = sourcecode.c.h; path = TTAApiManager.h; sourceTree = "<group>"; };
		791EE43A1E533EA600C80B6E /* TTAApiManager.m */ = {isa = PBXFileReference; fileEncoding = 4; lastKnownFileType = sourcecode.c.objc; path = TTAApiManager.m; sourceTree = "<group>"; };
		791EE43C1E5353B200C80B6E /* TTAProductApiService.h */ = {isa = PBXFileReference; fileEncoding = 4; lastKnownFileType = sourcecode.c.h; path = TTAProductApiService.h; sourceTree = "<group>"; };
		791EE43D1E5353B200C80B6E /* TTAProductApiService.m */ = {isa = PBXFileReference; fileEncoding = 4; lastKnownFileType = sourcecode.c.objc; path = TTAProductApiService.m; sourceTree = "<group>"; };
		791EE43F1E535A4000C80B6E /* TTAServiceFactory.h */ = {isa = PBXFileReference; fileEncoding = 4; lastKnownFileType = sourcecode.c.h; path = TTAServiceFactory.h; sourceTree = "<group>"; };
		791EE4401E535A4000C80B6E /* TTAServiceFactory.m */ = {isa = PBXFileReference; fileEncoding = 4; lastKnownFileType = sourcecode.c.objc; path = TTAServiceFactory.m; sourceTree = "<group>"; };
		79214DA01E4ACB8F0085041A /* UILabel+Common.h */ = {isa = PBXFileReference; fileEncoding = 4; lastKnownFileType = sourcecode.c.h; path = "UILabel+Common.h"; sourceTree = "<group>"; };
		79214DA11E4ACB8F0085041A /* UILabel+Common.m */ = {isa = PBXFileReference; fileEncoding = 4; lastKnownFileType = sourcecode.c.objc; path = "UILabel+Common.m"; sourceTree = "<group>"; };
		79243E641DDB63CA008E35C4 /* UINavigationController+Common.h */ = {isa = PBXFileReference; fileEncoding = 4; lastKnownFileType = sourcecode.c.h; path = "UINavigationController+Common.h"; sourceTree = "<group>"; };
		79243E651DDB63CA008E35C4 /* UINavigationController+Common.m */ = {isa = PBXFileReference; fileEncoding = 4; lastKnownFileType = sourcecode.c.objc; path = "UINavigationController+Common.m"; sourceTree = "<group>"; };
		7926A1741DC8DD6100DF4744 /* TTACoreDataManagedContext.h */ = {isa = PBXFileReference; fileEncoding = 4; lastKnownFileType = sourcecode.c.h; path = TTACoreDataManagedContext.h; sourceTree = "<group>"; };
		7926A1751DC8DD6100DF4744 /* TTACoreDataManagedContext.m */ = {isa = PBXFileReference; fileEncoding = 4; lastKnownFileType = sourcecode.c.objc; path = TTACoreDataManagedContext.m; sourceTree = "<group>"; };
		792B1BCA1DB92CA200FF326D /* NSString+RegularExpression.h */ = {isa = PBXFileReference; fileEncoding = 4; lastKnownFileType = sourcecode.c.h; path = "NSString+RegularExpression.h"; sourceTree = "<group>"; };
		792B1BCB1DB92CA200FF326D /* NSString+RegularExpression.m */ = {isa = PBXFileReference; fileEncoding = 4; lastKnownFileType = sourcecode.c.objc; path = "NSString+RegularExpression.m"; sourceTree = "<group>"; };
		792B1BCD1DB92CEF00FF326D /* UIColor+Common.h */ = {isa = PBXFileReference; fileEncoding = 4; lastKnownFileType = sourcecode.c.h; path = "UIColor+Common.h"; sourceTree = "<group>"; };
		792B1BCE1DB92CEF00FF326D /* UIColor+Common.m */ = {isa = PBXFileReference; fileEncoding = 4; lastKnownFileType = sourcecode.c.objc; path = "UIColor+Common.m"; sourceTree = "<group>"; };
		792B1BCF1DB92CEF00FF326D /* UIImage+Common.h */ = {isa = PBXFileReference; fileEncoding = 4; lastKnownFileType = sourcecode.c.h; path = "UIImage+Common.h"; sourceTree = "<group>"; };
		792B1BD01DB92CEF00FF326D /* UIImage+Common.m */ = {isa = PBXFileReference; fileEncoding = 4; lastKnownFileType = sourcecode.c.objc; path = "UIImage+Common.m"; sourceTree = "<group>"; };
		792B1BD31DB92D1C00FF326D /* NSObject+Log.h */ = {isa = PBXFileReference; fileEncoding = 4; lastKnownFileType = sourcecode.c.h; path = "NSObject+Log.h"; sourceTree = "<group>"; };
		792B1BD41DB92D1C00FF326D /* NSObject+Log.m */ = {isa = PBXFileReference; fileEncoding = 4; lastKnownFileType = sourcecode.c.objc; path = "NSObject+Log.m"; sourceTree = "<group>"; };
		792B1BD61DB92E4C00FF326D /* NSString+Matching.h */ = {isa = PBXFileReference; fileEncoding = 4; lastKnownFileType = sourcecode.c.h; path = "NSString+Matching.h"; sourceTree = "<group>"; };
		792B1BD71DB92E4C00FF326D /* NSString+Matching.m */ = {isa = PBXFileReference; fileEncoding = 4; lastKnownFileType = sourcecode.c.objc; path = "NSString+Matching.m"; sourceTree = "<group>"; };
		792B1BDA1DB9310800FF326D /* DefineMacro.h */ = {isa = PBXFileReference; lastKnownFileType = sourcecode.c.h; path = DefineMacro.h; sourceTree = "<group>"; };
		792B1BDB1DB9311200FF326D /* TTASingleton.h */ = {isa = PBXFileReference; lastKnownFileType = sourcecode.c.h; path = TTASingleton.h; sourceTree = "<group>"; };
		792D702A1DCEE99700C3E8FF /* TTABaseArrayDataSource.h */ = {isa = PBXFileReference; fileEncoding = 4; lastKnownFileType = sourcecode.c.h; path = TTABaseArrayDataSource.h; sourceTree = "<group>"; };
		792D702B1DCEE99700C3E8FF /* TTABaseArrayDataSource.m */ = {isa = PBXFileReference; fileEncoding = 4; lastKnownFileType = sourcecode.c.objc; path = TTABaseArrayDataSource.m; sourceTree = "<group>"; };
		792D702C1DCEE99700C3E8FF /* TTABaseCollectionViewController.h */ = {isa = PBXFileReference; fileEncoding = 4; lastKnownFileType = sourcecode.c.h; path = TTABaseCollectionViewController.h; sourceTree = "<group>"; };
		792D702D1DCEE99700C3E8FF /* TTABaseCollectionViewController.m */ = {isa = PBXFileReference; fileEncoding = 4; lastKnownFileType = sourcecode.c.objc; path = TTABaseCollectionViewController.m; sourceTree = "<group>"; };
		792D702E1DCEE99700C3E8FF /* TTABaseTableViewController.h */ = {isa = PBXFileReference; fileEncoding = 4; lastKnownFileType = sourcecode.c.h; path = TTABaseTableViewController.h; sourceTree = "<group>"; };
		792D702F1DCEE99700C3E8FF /* TTABaseTableViewController.m */ = {isa = PBXFileReference; fileEncoding = 4; lastKnownFileType = sourcecode.c.objc; path = TTABaseTableViewController.m; sourceTree = "<group>"; };
		792D70301DCEE99700C3E8FF /* TTABaseViewController.h */ = {isa = PBXFileReference; fileEncoding = 4; lastKnownFileType = sourcecode.c.h; path = TTABaseViewController.h; sourceTree = "<group>"; };
		792D70311DCEE99700C3E8FF /* TTABaseViewController.m */ = {isa = PBXFileReference; fileEncoding = 4; lastKnownFileType = sourcecode.c.objc; path = TTABaseViewController.m; sourceTree = "<group>"; };
		792D70361DCEE9A200C3E8FF /* TTAMainTabBarController.h */ = {isa = PBXFileReference; fileEncoding = 4; lastKnownFileType = sourcecode.c.h; path = TTAMainTabBarController.h; sourceTree = "<group>"; };
		792D70371DCEE9A200C3E8FF /* TTAMainTabBarController.m */ = {isa = PBXFileReference; fileEncoding = 4; lastKnownFileType = sourcecode.c.objc; path = TTAMainTabBarController.m; sourceTree = "<group>"; };
		792D70391DCEF79C00C3E8FF /* UIAlertController+Block.h */ = {isa = PBXFileReference; fileEncoding = 4; lastKnownFileType = sourcecode.c.h; path = "UIAlertController+Block.h"; sourceTree = "<group>"; };
		792D703A1DCEF79C00C3E8FF /* UIAlertController+Block.m */ = {isa = PBXFileReference; fileEncoding = 4; lastKnownFileType = sourcecode.c.objc; path = "UIAlertController+Block.m"; sourceTree = "<group>"; };
		792D703F1DCF1DF500C3E8FF /* UIView+Effect.h */ = {isa = PBXFileReference; fileEncoding = 4; lastKnownFileType = sourcecode.c.h; path = "UIView+Effect.h"; sourceTree = "<group>"; };
		792D70401DCF1DF500C3E8FF /* UIView+Effect.m */ = {isa = PBXFileReference; fileEncoding = 4; lastKnownFileType = sourcecode.c.objc; path = "UIView+Effect.m"; sourceTree = "<group>"; };
		792D70421DCF2ECA00C3E8FF /* TTAViewController.h */ = {isa = PBXFileReference; fileEncoding = 4; lastKnownFileType = sourcecode.c.h; path = TTAViewController.h; sourceTree = "<group>"; };
		792D70431DCF2ECA00C3E8FF /* TTAViewController.m */ = {isa = PBXFileReference; fileEncoding = 4; lastKnownFileType = sourcecode.c.objc; path = TTAViewController.m; sourceTree = "<group>"; };
		792D70451DCF30B800C3E8FF /* TTAViewController2.h */ = {isa = PBXFileReference; fileEncoding = 4; lastKnownFileType = sourcecode.c.h; path = TTAViewController2.h; sourceTree = "<group>"; };
		792D70461DCF30B800C3E8FF /* TTAViewController2.m */ = {isa = PBXFileReference; fileEncoding = 4; lastKnownFileType = sourcecode.c.objc; path = TTAViewController2.m; sourceTree = "<group>"; };
		795AC74A1DB3323D00419703 /* UIView+Common.h */ = {isa = PBXFileReference; fileEncoding = 4; lastKnownFileType = sourcecode.c.h; path = "UIView+Common.h"; sourceTree = "<group>"; };
		795AC74B1DB3323D00419703 /* UIView+Common.m */ = {isa = PBXFileReference; fileEncoding = 4; lastKnownFileType = sourcecode.c.objc; path = "UIView+Common.m"; sourceTree = "<group>"; };
		795AC7511DB3403900419703 /* UIViewCommon.swift */ = {isa = PBXFileReference; fileEncoding = 4; lastKnownFileType = sourcecode.swift; path = UIViewCommon.swift; sourceTree = "<group>"; };
		795AC7551DB3427900419703 /* UtilsDemo-Bridging-Header.h */ = {isa = PBXFileReference; fileEncoding = 4; lastKnownFileType = sourcecode.c.h; path = "UtilsDemo-Bridging-Header.h"; sourceTree = "<group>"; };
		797D21EC1D8AED2800770B72 /* UtilsDemo.app */ = {isa = PBXFileReference; explicitFileType = wrapper.application; includeInIndex = 0; path = UtilsDemo.app; sourceTree = BUILT_PRODUCTS_DIR; };
		797D21F01D8AED2800770B72 /* main.m */ = {isa = PBXFileReference; lastKnownFileType = sourcecode.c.objc; path = main.m; sourceTree = "<group>"; };
		797D21F21D8AED2800770B72 /* AppDelegate.h */ = {isa = PBXFileReference; lastKnownFileType = sourcecode.c.h; path = AppDelegate.h; sourceTree = "<group>"; };
		797D21F31D8AED2800770B72 /* AppDelegate.m */ = {isa = PBXFileReference; lastKnownFileType = sourcecode.c.objc; path = AppDelegate.m; sourceTree = "<group>"; };
		797D21FB1D8AED2800770B72 /* Assets.xcassets */ = {isa = PBXFileReference; lastKnownFileType = folder.assetcatalog; path = Assets.xcassets; sourceTree = "<group>"; };
		797D21FE1D8AED2800770B72 /* Base */ = {isa = PBXFileReference; lastKnownFileType = file.storyboard; name = Base; path = Base.lproj/LaunchScreen.storyboard; sourceTree = "<group>"; };
		797D22001D8AED2800770B72 /* Info.plist */ = {isa = PBXFileReference; lastKnownFileType = text.plist.xml; path = Info.plist; sourceTree = "<group>"; };
		797D22051D8AED2800770B72 /* UtilsDemoTests.xctest */ = {isa = PBXFileReference; explicitFileType = wrapper.cfbundle; includeInIndex = 0; path = UtilsDemoTests.xctest; sourceTree = BUILT_PRODUCTS_DIR; };
		797D22091D8AED2800770B72 /* UtilsDemoTests.m */ = {isa = PBXFileReference; lastKnownFileType = sourcecode.c.objc; path = UtilsDemoTests.m; sourceTree = "<group>"; };
		797D220B1D8AED2800770B72 /* Info.plist */ = {isa = PBXFileReference; lastKnownFileType = text.plist.xml; path = Info.plist; sourceTree = "<group>"; };
		797D22101D8AED2800770B72 /* UtilsDemoUITests.xctest */ = {isa = PBXFileReference; explicitFileType = wrapper.cfbundle; includeInIndex = 0; path = UtilsDemoUITests.xctest; sourceTree = BUILT_PRODUCTS_DIR; };
		797D22141D8AED2800770B72 /* UtilsDemoUITests.m */ = {isa = PBXFileReference; lastKnownFileType = sourcecode.c.objc; path = UtilsDemoUITests.m; sourceTree = "<group>"; };
		797D22161D8AED2800770B72 /* Info.plist */ = {isa = PBXFileReference; lastKnownFileType = text.plist.xml; path = Info.plist; sourceTree = "<group>"; };
		797D22241D8AEDB100770B72 /* UIView+Frame.h */ = {isa = PBXFileReference; fileEncoding = 4; lastKnownFileType = sourcecode.c.h; path = "UIView+Frame.h"; sourceTree = "<group>"; };
		797D22251D8AEDB100770B72 /* UIView+Frame.m */ = {isa = PBXFileReference; fileEncoding = 4; lastKnownFileType = sourcecode.c.objc; path = "UIView+Frame.m"; sourceTree = "<group>"; };
		79B03E501E5154820090A72F /* TTAApiProxy.h */ = {isa = PBXFileReference; fileEncoding = 4; lastKnownFileType = sourcecode.c.h; path = TTAApiProxy.h; sourceTree = "<group>"; };
		79B03E511E5154820090A72F /* TTAApiProxy.m */ = {isa = PBXFileReference; fileEncoding = 4; lastKnownFileType = sourcecode.c.objc; path = TTAApiProxy.m; sourceTree = "<group>"; };
		79B03E571E516D150090A72F /* TTALanguageTool.h */ = {isa = PBXFileReference; fileEncoding = 4; lastKnownFileType = sourcecode.c.h; path = TTALanguageTool.h; sourceTree = "<group>"; };
		79B03E581E516D150090A72F /* TTALanguageTool.m */ = {isa = PBXFileReference; fileEncoding = 4; lastKnownFileType = sourcecode.c.objc; path = TTALanguageTool.m; sourceTree = "<group>"; };
		79B03E5F1E5193880090A72F /* zh-Hans */ = {isa = PBXFileReference; lastKnownFileType = text.plist.strings; name = "zh-Hans"; path = "zh-Hans.lproj/LaunchScreen.strings"; sourceTree = "<group>"; };
		79B03E601E5193880090A72F /* zh-Hans */ = {isa = PBXFileReference; lastKnownFileType = text.plist.strings; name = "zh-Hans"; path = "zh-Hans.lproj/Localizable.strings"; sourceTree = "<group>"; };
		79B03E611E5193930090A72F /* en */ = {isa = PBXFileReference; lastKnownFileType = text.plist.strings; name = en; path = en.lproj/Localizable.strings; sourceTree = "<group>"; };
		79B03E651E5195790090A72F /* Base */ = {isa = PBXFileReference; lastKnownFileType = text.plist.strings; name = Base; path = Base.lproj/InfoPlist.strings; sourceTree = "<group>"; };
		79B03E671E51B0550090A72F /* TTARequest.h */ = {isa = PBXFileReference; fileEncoding = 4; lastKnownFileType = sourcecode.c.h; path = TTARequest.h; sourceTree = "<group>"; };
		79B03E681E51B0550090A72F /* TTARequest.m */ = {isa = PBXFileReference; fileEncoding = 4; lastKnownFileType = sourcecode.c.objc; path = TTARequest.m; sourceTree = "<group>"; };
		79B03E6A1E51B5050090A72F /* TTAResponse.h */ = {isa = PBXFileReference; fileEncoding = 4; lastKnownFileType = sourcecode.c.h; path = TTAResponse.h; sourceTree = "<group>"; };
		79B03E6B1E51B5050090A72F /* TTAResponse.m */ = {isa = PBXFileReference; fileEncoding = 4; lastKnownFileType = sourcecode.c.objc; path = TTAResponse.m; sourceTree = "<group>"; };
		79C604AC1DCCDE56001CA4A0 /* TTATestTableViewController.h */ = {isa = PBXFileReference; fileEncoding = 4; lastKnownFileType = sourcecode.c.h; path = TTATestTableViewController.h; sourceTree = "<group>"; };
		79C604AD1DCCDE56001CA4A0 /* TTATestTableViewController.m */ = {isa = PBXFileReference; fileEncoding = 4; lastKnownFileType = sourcecode.c.objc; path = TTATestTableViewController.m; sourceTree = "<group>"; };
		79C960E21DB9D67E00A28335 /* TTAWebViewController.h */ = {isa = PBXFileReference; fileEncoding = 4; lastKnownFileType = sourcecode.c.h; path = TTAWebViewController.h; sourceTree = "<group>"; };
		79C960E31DB9D67E00A28335 /* TTAWebViewController.m */ = {isa = PBXFileReference; fileEncoding = 4; lastKnownFileType = sourcecode.c.objc; path = TTAWebViewController.m; sourceTree = "<group>"; };
		79C960E41DB9D67E00A28335 /* ZLCWebView.h */ = {isa = PBXFileReference; fileEncoding = 4; lastKnownFileType = sourcecode.c.h; path = ZLCWebView.h; sourceTree = "<group>"; };
		79C960E51DB9D67E00A28335 /* ZLCWebView.m */ = {isa = PBXFileReference; fileEncoding = 4; lastKnownFileType = sourcecode.c.objc; path = ZLCWebView.m; sourceTree = "<group>"; };
		79C960E81DB9D6C800A28335 /* TestPay.html */ = {isa = PBXFileReference; fileEncoding = 4; lastKnownFileType = text.html; path = TestPay.html; sourceTree = "<group>"; };
		79E6E6651E5DC60B000A7DBB /* UIView+LayoutMethods.h */ = {isa = PBXFileReference; fileEncoding = 4; lastKnownFileType = sourcecode.c.h; path = "UIView+LayoutMethods.h"; sourceTree = "<group>"; };
		79E6E6661E5DC60B000A7DBB /* UIView+LayoutMethods.m */ = {isa = PBXFileReference; fileEncoding = 4; lastKnownFileType = sourcecode.c.objc; path = "UIView+LayoutMethods.m"; sourceTree = "<group>"; };
		79E869FB1E53F91D00A66933 /* TTANetworkConfigurations.plist */ = {isa = PBXFileReference; fileEncoding = 4; lastKnownFileType = text.plist.xml; path = TTANetworkConfigurations.plist; sourceTree = "<group>"; };
		79E869FE1E53F9E200A66933 /* TTAAppContext.h */ = {isa = PBXFileReference; fileEncoding = 4; lastKnownFileType = sourcecode.c.h; path = TTAAppContext.h; sourceTree = "<group>"; };
		79E869FF1E53F9E200A66933 /* TTAAppContext.m */ = {isa = PBXFileReference; fileEncoding = 4; lastKnownFileType = sourcecode.c.objc; path = TTAAppContext.m; sourceTree = "<group>"; };
		79E86A031E54072200A66933 /* TTARequestTests.m */ = {isa = PBXFileReference; fileEncoding = 4; lastKnownFileType = sourcecode.c.objc; path = TTARequestTests.m; sourceTree = "<group>"; };
		79E86A061E540E9400A66933 /* NSString+Hash.h */ = {isa = PBXFileReference; fileEncoding = 4; lastKnownFileType = sourcecode.c.h; path = "NSString+Hash.h"; sourceTree = "<group>"; };
		79E86A071E540E9400A66933 /* NSString+Hash.m */ = {isa = PBXFileReference; fileEncoding = 4; lastKnownFileType = sourcecode.c.objc; path = "NSString+Hash.m"; sourceTree = "<group>"; };
		79F4CD371E4B55000038D915 /* TTAHUD.h */ = {isa = PBXFileReference; fileEncoding = 4; lastKnownFileType = sourcecode.c.h; path = TTAHUD.h; sourceTree = "<group>"; };
		79F4CD381E4B55000038D915 /* TTAHUD.m */ = {isa = PBXFileReference; fileEncoding = 4; lastKnownFileType = sourcecode.c.objc; path = TTAHUD.m; sourceTree = "<group>"; };
		79F4CD3A1E4B5F8D0038D915 /* NSString+Common.h */ = {isa = PBXFileReference; fileEncoding = 4; lastKnownFileType = sourcecode.c.h; path = "NSString+Common.h"; sourceTree = "<group>"; };
		79F4CD3B1E4B5F8D0038D915 /* NSString+Common.m */ = {isa = PBXFileReference; fileEncoding = 4; lastKnownFileType = sourcecode.c.objc; path = "NSString+Common.m"; sourceTree = "<group>"; };
		79F4CD3D1E4B655D0038D915 /* ConstConfig.h */ = {isa = PBXFileReference; lastKnownFileType = sourcecode.c.h; path = ConstConfig.h; sourceTree = "<group>"; };
		7BF6E0A3D6CF2FB1AE7CF09D /* Pods-UtilsDemoTests.release.xcconfig */ = {isa = PBXFileReference; includeInIndex = 1; lastKnownFileType = text.xcconfig; name = "Pods-UtilsDemoTests.release.xcconfig"; path = "Pods/Target Support Files/Pods-UtilsDemoTests/Pods-UtilsDemoTests.release.xcconfig"; sourceTree = "<group>"; };
		8FDECACC294CD6F7461E8FEF /* Pods-UtilsDemo.debug.xcconfig */ = {isa = PBXFileReference; includeInIndex = 1; lastKnownFileType = text.xcconfig; name = "Pods-UtilsDemo.debug.xcconfig"; path = "Pods/Target Support Files/Pods-UtilsDemo/Pods-UtilsDemo.debug.xcconfig"; sourceTree = "<group>"; };
		B3D7E4FF1C5AB2926C09C22E /* Pods_UtilsDemoUITests.framework */ = {isa = PBXFileReference; explicitFileType = wrapper.framework; includeInIndex = 0; path = Pods_UtilsDemoUITests.framework; sourceTree = BUILT_PRODUCTS_DIR; };
		EA4FE7B9BFA4EAF0527FA010 /* Pods-UtilsDemoUITests.debug.xcconfig */ = {isa = PBXFileReference; includeInIndex = 1; lastKnownFileType = text.xcconfig; name = "Pods-UtilsDemoUITests.debug.xcconfig"; path = "Pods/Target Support Files/Pods-UtilsDemoUITests/Pods-UtilsDemoUITests.debug.xcconfig"; sourceTree = "<group>"; };
/* End PBXFileReference section */

/* Begin PBXFrameworksBuildPhase section */
		797D21E91D8AED2800770B72 /* Frameworks */ = {
			isa = PBXFrameworksBuildPhase;
			buildActionMask = 2147483647;
			files = (
				10471619A3FB1F0E2DB44A53 /* Pods_UtilsDemo.framework in Frameworks */,
			);
			runOnlyForDeploymentPostprocessing = 0;
		};
		797D22021D8AED2800770B72 /* Frameworks */ = {
			isa = PBXFrameworksBuildPhase;
			buildActionMask = 2147483647;
			files = (
				87B4979297EDEEFFDE58D9C8 /* Pods_UtilsDemoTests.framework in Frameworks */,
			);
			runOnlyForDeploymentPostprocessing = 0;
		};
		797D220D1D8AED2800770B72 /* Frameworks */ = {
			isa = PBXFrameworksBuildPhase;
			buildActionMask = 2147483647;
			files = (
				5A230634B298C7864A0C9568 /* Pods_UtilsDemoUITests.framework in Frameworks */,
			);
			runOnlyForDeploymentPostprocessing = 0;
		};
/* End PBXFrameworksBuildPhase section */

/* Begin PBXGroup section */
		4DB9A8620E9D03E983499391 /* Pods */ = {
			isa = PBXGroup;
			children = (
				8FDECACC294CD6F7461E8FEF /* Pods-UtilsDemo.debug.xcconfig */,
				63862C738628559F50F65683 /* Pods-UtilsDemo.release.xcconfig */,
				1E90CF879C8C3B650315D963 /* Pods-UtilsDemoTests.debug.xcconfig */,
				7BF6E0A3D6CF2FB1AE7CF09D /* Pods-UtilsDemoTests.release.xcconfig */,
				EA4FE7B9BFA4EAF0527FA010 /* Pods-UtilsDemoUITests.debug.xcconfig */,
				055FF4B2B927219B2B10E4D4 /* Pods-UtilsDemoUITests.release.xcconfig */,
			);
			name = Pods;
			sourceTree = "<group>";
		};
		790174BD1DC78E6700D87D2A /* Classes */ = {
			isa = PBXGroup;
			children = (
				790174BE1DC78E6700D87D2A /* Controllers */,
				790174C11DC78E6700D87D2A /* Models */,
				790174C21DC78E6700D87D2A /* Tools */,
				790174C31DC78E6700D87D2A /* Views */,
			);
			path = Classes;
			sourceTree = "<group>";
		};
		790174BE1DC78E6700D87D2A /* Controllers */ = {
			isa = PBXGroup;
			children = (
				792D70281DCEE99700C3E8FF /* Base */,
				790174BF1DC78E6700D87D2A /* Home */,
			);
			path = Controllers;
			sourceTree = "<group>";
		};
		790174BF1DC78E6700D87D2A /* Home */ = {
			isa = PBXGroup;
			children = (
			);
			path = Home;
			sourceTree = "<group>";
		};
		790174C11DC78E6700D87D2A /* Models */ = {
			isa = PBXGroup;
			children = (
			);
			path = Models;
			sourceTree = "<group>";
		};
		790174C21DC78E6700D87D2A /* Tools */ = {
			isa = PBXGroup;
			children = (
			);
			path = Tools;
			sourceTree = "<group>";
		};
		790174C31DC78E6700D87D2A /* Views */ = {
			isa = PBXGroup;
			children = (
			);
			path = Views;
			sourceTree = "<group>";
		};
		790539CC1DA61E96002EB686 /* Common */ = {
			isa = PBXGroup;
			children = (
				792B1BCD1DB92CEF00FF326D /* UIColor+Common.h */,
				792B1BCE1DB92CEF00FF326D /* UIColor+Common.m */,
				792B1BCF1DB92CEF00FF326D /* UIImage+Common.h */,
				792B1BD01DB92CEF00FF326D /* UIImage+Common.m */,
				790539CD1DA61E96002EB686 /* NSArray+Common.h */,
				790539CE1DA61E96002EB686 /* NSArray+Common.m */,
				790539CF1DA61E96002EB686 /* NSDictionary+Common.h */,
				790539D01DA61E96002EB686 /* NSDictionary+Common.m */,
				79214DA01E4ACB8F0085041A /* UILabel+Common.h */,
				79214DA11E4ACB8F0085041A /* UILabel+Common.m */,
				795AC74A1DB3323D00419703 /* UIView+Common.h */,
				795AC74B1DB3323D00419703 /* UIView+Common.m */,
				79243E641DDB63CA008E35C4 /* UINavigationController+Common.h */,
				79243E651DDB63CA008E35C4 /* UINavigationController+Common.m */,
				795AC7511DB3403900419703 /* UIViewCommon.swift */,
				79F4CD3A1E4B5F8D0038D915 /* NSString+Common.h */,
				79F4CD3B1E4B5F8D0038D915 /* NSString+Common.m */,
				79092BD31E5E7DC50037345C /* UIButton+Common.h */,
				79092BD41E5E7DC50037345C /* UIButton+Common.m */,
			);
			path = Common;
			sourceTree = "<group>";
		};
		790539D31DA61EA4002EB686 /* Block */ = {
			isa = PBXGroup;
			children = (
				790539D51DA627C3002EB686 /* UIButton+Block.h */,
				790539D61DA627C3002EB686 /* UIButton+Block.m */,
				792D70391DCEF79C00C3E8FF /* UIAlertController+Block.h */,
				792D703A1DCEF79C00C3E8FF /* UIAlertController+Block.m */,
			);
			path = Block;
			sourceTree = "<group>";
		};
		791EE4341E53362800C80B6E /* ApiService */ = {
			isa = PBXGroup;
			children = (
				791EE4351E53362800C80B6E /* TTAService.h */,
				791EE4361E53362800C80B6E /* TTAService.m */,
				791EE43F1E535A4000C80B6E /* TTAServiceFactory.h */,
				791EE4401E535A4000C80B6E /* TTAServiceFactory.m */,
				791EE43C1E5353B200C80B6E /* TTAProductApiService.h */,
				791EE43D1E5353B200C80B6E /* TTAProductApiService.m */,
			);
			path = ApiService;
			sourceTree = "<group>";
		};
		792B1BD91DB930E200FF326D /* OtherUtils */ = {
			isa = PBXGroup;
			children = (
				792B1BDB1DB9311200FF326D /* TTASingleton.h */,
				792B1BDA1DB9310800FF326D /* DefineMacro.h */,
				79F4CD3D1E4B655D0038D915 /* ConstConfig.h */,
			);
			path = OtherUtils;
			sourceTree = "<group>";
		};
		792D70281DCEE99700C3E8FF /* Base */ = {
			isa = PBXGroup;
			children = (
				792D70291DCEE99700C3E8FF /* DataSource */,
				792D702C1DCEE99700C3E8FF /* TTABaseCollectionViewController.h */,
				792D702D1DCEE99700C3E8FF /* TTABaseCollectionViewController.m */,
				792D702E1DCEE99700C3E8FF /* TTABaseTableViewController.h */,
				792D702F1DCEE99700C3E8FF /* TTABaseTableViewController.m */,
				792D70301DCEE99700C3E8FF /* TTABaseViewController.h */,
				792D70311DCEE99700C3E8FF /* TTABaseViewController.m */,
			);
			path = Base;
			sourceTree = "<group>";
		};
		792D70291DCEE99700C3E8FF /* DataSource */ = {
			isa = PBXGroup;
			children = (
				792D702A1DCEE99700C3E8FF /* TTABaseArrayDataSource.h */,
				792D702B1DCEE99700C3E8FF /* TTABaseArrayDataSource.m */,
			);
			path = DataSource;
			sourceTree = "<group>";
		};
		797D21E31D8AED2800770B72 = {
			isa = PBXGroup;
			children = (
				797D21EE1D8AED2800770B72 /* UtilsDemo */,
				797D22081D8AED2800770B72 /* UtilsDemoTests */,
				797D22131D8AED2800770B72 /* UtilsDemoUITests */,
				797D21ED1D8AED2800770B72 /* Products */,
				4DB9A8620E9D03E983499391 /* Pods */,
				CC8370C31AF5AF7AA192473C /* Frameworks */,
			);
			sourceTree = "<group>";
		};
		797D21ED1D8AED2800770B72 /* Products */ = {
			isa = PBXGroup;
			children = (
				797D21EC1D8AED2800770B72 /* UtilsDemo.app */,
				797D22051D8AED2800770B72 /* UtilsDemoTests.xctest */,
				797D22101D8AED2800770B72 /* UtilsDemoUITests.xctest */,
			);
			name = Products;
			sourceTree = "<group>";
		};
		797D21EE1D8AED2800770B72 /* UtilsDemo */ = {
			isa = PBXGroup;
			children = (
				79B03E4B1E51540F0090A72F /* Network */,
				79C604AA1DCCDE56001CA4A0 /* TestClasses */,
				797D22221D8AED7E00770B72 /* Utils */,
				790174BD1DC78E6700D87D2A /* Classes */,
				797D21F21D8AED2800770B72 /* AppDelegate.h */,
				797D21F31D8AED2800770B72 /* AppDelegate.m */,
				790174C41DC790CD00D87D2A /* AppDelegate+RootController.h */,
				790174C51DC790CD00D87D2A /* AppDelegate+RootController.m */,
				790174C71DC790F800D87D2A /* AppDelegate+AppService.h */,
				790174C81DC790F800D87D2A /* AppDelegate+AppService.m */,
				792D70361DCEE9A200C3E8FF /* TTAMainTabBarController.h */,
				792D70371DCEE9A200C3E8FF /* TTAMainTabBarController.m */,
				797D21FB1D8AED2800770B72 /* Assets.xcassets */,
				797D21FD1D8AED2800770B72 /* LaunchScreen.storyboard */,
				797D22001D8AED2800770B72 /* Info.plist */,
				79B03E661E5195790090A72F /* InfoPlist.strings */,
				79B03E5E1E5193510090A72F /* Localizable.strings */,
				797D21EF1D8AED2800770B72 /* Supporting Files */,
			);
			path = UtilsDemo;
			sourceTree = "<group>";
		};
		797D21EF1D8AED2800770B72 /* Supporting Files */ = {
			isa = PBXGroup;
			children = (
				79C960E81DB9D6C800A28335 /* TestPay.html */,
				797D21F01D8AED2800770B72 /* main.m */,
			);
			name = "Supporting Files";
			sourceTree = "<group>";
		};
		797D22081D8AED2800770B72 /* UtilsDemoTests */ = {
			isa = PBXGroup;
			children = (
				79E86A031E54072200A66933 /* TTARequestTests.m */,
				797D22091D8AED2800770B72 /* UtilsDemoTests.m */,
				797D220B1D8AED2800770B72 /* Info.plist */,
			);
			path = UtilsDemoTests;
			sourceTree = "<group>";
		};
		797D22131D8AED2800770B72 /* UtilsDemoUITests */ = {
			isa = PBXGroup;
			children = (
				797D22141D8AED2800770B72 /* UtilsDemoUITests.m */,
				797D22161D8AED2800770B72 /* Info.plist */,
			);
			path = UtilsDemoUITests;
			sourceTree = "<group>";
		};
		797D22221D8AED7E00770B72 /* Utils */ = {
			isa = PBXGroup;
			children = (
				795AC7551DB3427900419703 /* UtilsDemo-Bridging-Header.h */,
				790539D41DA61F5B002EB686 /* GlobalUtils.pch */,
				792B1BD91DB930E200FF326D /* OtherUtils */,
				790539D31DA61EA4002EB686 /* Block */,
				790539CC1DA61E96002EB686 /* Common */,
				797D22231D8AED7E00770B72 /* Category */,
				79EBC6DF1DB9D3F100790196 /* Public */,
			);
			path = Utils;
			sourceTree = "<group>";
		};
		797D22231D8AED7E00770B72 /* Category */ = {
			isa = PBXGroup;
			children = (
				79E86A051E540E9400A66933 /* Security */,
				792B1BD31DB92D1C00FF326D /* NSObject+Log.h */,
				792B1BD41DB92D1C00FF326D /* NSObject+Log.m */,
				792B1BCA1DB92CA200FF326D /* NSString+RegularExpression.h */,
				792B1BCB1DB92CA200FF326D /* NSString+RegularExpression.m */,
				792B1BD61DB92E4C00FF326D /* NSString+Matching.h */,
				792B1BD71DB92E4C00FF326D /* NSString+Matching.m */,
				79E6E6651E5DC60B000A7DBB /* UIView+LayoutMethods.h */,
				79E6E6661E5DC60B000A7DBB /* UIView+LayoutMethods.m */,
				797D22241D8AEDB100770B72 /* UIView+Frame.h */,
				797D22251D8AEDB100770B72 /* UIView+Frame.m */,
				792D703F1DCF1DF500C3E8FF /* UIView+Effect.h */,
				792D70401DCF1DF500C3E8FF /* UIView+Effect.m */,
			);
			path = Category;
			sourceTree = "<group>";
		};
		797F48261DC0FAA4004996EF /* TTACoreDataManagedContext */ = {
			isa = PBXGroup;
			children = (
				7926A1741DC8DD6100DF4744 /* TTACoreDataManagedContext.h */,
				7926A1751DC8DD6100DF4744 /* TTACoreDataManagedContext.m */,
			);
			path = TTACoreDataManagedContext;
			sourceTree = "<group>";
		};
		79B03E4B1E51540F0090A72F /* Network */ = {
			isa = PBXGroup;
			children = (
				791EE4381E533D2000C80B6E /* TTANetworkConfigurations.h */,
				79E869FB1E53F91D00A66933 /* TTANetworkConfigurations.plist */,
				791EE4391E533EA600C80B6E /* TTAApiManager.h */,
				791EE43A1E533EA600C80B6E /* TTAApiManager.m */,
				791EE4341E53362800C80B6E /* ApiService */,
				79B03E4F1E5154820090A72F /* ApiProxy */,
			);
			path = Network;
			sourceTree = "<group>";
		};
		79B03E4F1E5154820090A72F /* ApiProxy */ = {
			isa = PBXGroup;
			children = (
				79B03E501E5154820090A72F /* TTAApiProxy.h */,
				79B03E511E5154820090A72F /* TTAApiProxy.m */,
				79B03E671E51B0550090A72F /* TTARequest.h */,
				79B03E681E51B0550090A72F /* TTARequest.m */,
				79B03E6A1E51B5050090A72F /* TTAResponse.h */,
				79B03E6B1E51B5050090A72F /* TTAResponse.m */,
			);
			path = ApiProxy;
			sourceTree = "<group>";
		};
		79B03E561E516C8F0090A72F /* TTALanguageChange */ = {
			isa = PBXGroup;
			children = (
				79B03E571E516D150090A72F /* TTALanguageTool.h */,
				79B03E581E516D150090A72F /* TTALanguageTool.m */,
			);
			path = TTALanguageChange;
			sourceTree = "<group>";
		};
		79C604AA1DCCDE56001CA4A0 /* TestClasses */ = {
			isa = PBXGroup;
			children = (
				79C604AB1DCCDE56001CA4A0 /* TestTableView */,
				792D70421DCF2ECA00C3E8FF /* TTAViewController.h */,
				792D70431DCF2ECA00C3E8FF /* TTAViewController.m */,
				792D70451DCF30B800C3E8FF /* TTAViewController2.h */,
				792D70461DCF30B800C3E8FF /* TTAViewController2.m */,
			);
			path = TestClasses;
			sourceTree = "<group>";
		};
		79C604AB1DCCDE56001CA4A0 /* TestTableView */ = {
			isa = PBXGroup;
			children = (
				79C604AC1DCCDE56001CA4A0 /* TTATestTableViewController.h */,
				79C604AD1DCCDE56001CA4A0 /* TTATestTableViewController.m */,
				7912DE881E4C004F007307F6 /* TTAHUDTestTableViewController.h */,
				7912DE891E4C004F007307F6 /* TTAHUDTestTableViewController.m */,
			);
			path = TestTableView;
			sourceTree = "<group>";
		};
		79C960E11DB9D67E00A28335 /* TTAWebViewController */ = {
			isa = PBXGroup;
			children = (
				79C960E21DB9D67E00A28335 /* TTAWebViewController.h */,
				79C960E31DB9D67E00A28335 /* TTAWebViewController.m */,
				79C960E41DB9D67E00A28335 /* ZLCWebView.h */,
				79C960E51DB9D67E00A28335 /* ZLCWebView.m */,
			);
			path = TTAWebViewController;
			sourceTree = "<group>";
		};
		79E869FD1E53F9E200A66933 /* AppContext */ = {
			isa = PBXGroup;
			children = (
				79E869FE1E53F9E200A66933 /* TTAAppContext.h */,
				79E869FF1E53F9E200A66933 /* TTAAppContext.m */,
			);
			path = AppContext;
			sourceTree = "<group>";
		};
		79E86A051E540E9400A66933 /* Security */ = {
			isa = PBXGroup;
			children = (
				79E86A061E540E9400A66933 /* NSString+Hash.h */,
				79E86A071E540E9400A66933 /* NSString+Hash.m */,
			);
			path = Security;
			sourceTree = "<group>";
		};
		79EBC6DF1DB9D3F100790196 /* Public */ = {
			isa = PBXGroup;
			children = (
				79E869FD1E53F9E200A66933 /* AppContext */,
				79B03E561E516C8F0090A72F /* TTALanguageChange */,
				79F4CD361E4B516F0038D915 /* TTAHUD */,
				797F48261DC0FAA4004996EF /* TTACoreDataManagedContext */,
				79C960E11DB9D67E00A28335 /* TTAWebViewController */,
			);
			path = Public;
			sourceTree = "<group>";
		};
		79F4CD361E4B516F0038D915 /* TTAHUD */ = {
			isa = PBXGroup;
			children = (
				7912DE8B1E4C20D4007307F6 /* TTAHUDIcon.bundle */,
				79F4CD371E4B55000038D915 /* TTAHUD.h */,
				79F4CD381E4B55000038D915 /* TTAHUD.m */,
			);
			path = TTAHUD;
			sourceTree = "<group>";
		};
		CC8370C31AF5AF7AA192473C /* Frameworks */ = {
			isa = PBXGroup;
			children = (
				38EDCF8174A44F6B6E12E216 /* Pods_UtilsDemo.framework */,
				30C061EF37805FF7E9CDF40E /* Pods_UtilsDemoTests.framework */,
				B3D7E4FF1C5AB2926C09C22E /* Pods_UtilsDemoUITests.framework */,
			);
			name = Frameworks;
			sourceTree = "<group>";
		};
/* End PBXGroup section */

/* Begin PBXNativeTarget section */
		797D21EB1D8AED2800770B72 /* UtilsDemo */ = {
			isa = PBXNativeTarget;
			buildConfigurationList = 797D22191D8AED2800770B72 /* Build configuration list for PBXNativeTarget "UtilsDemo" */;
			buildPhases = (
				470B8E81B7D46A4FF2B92400 /* [CP] Check Pods Manifest.lock */,
				797D21E81D8AED2800770B72 /* Sources */,
				797D21E91D8AED2800770B72 /* Frameworks */,
				797D21EA1D8AED2800770B72 /* Resources */,
				9E7BE08802FFF8D7BD5736E5 /* [CP] Embed Pods Frameworks */,
				64A01C165F96F4F7209EB76B /* [CP] Copy Pods Resources */,
			);
			buildRules = (
			);
			dependencies = (
			);
			name = UtilsDemo;
			productName = UtilsDemo;
			productReference = 797D21EC1D8AED2800770B72 /* UtilsDemo.app */;
			productType = "com.apple.product-type.application";
		};
		797D22041D8AED2800770B72 /* UtilsDemoTests */ = {
			isa = PBXNativeTarget;
			buildConfigurationList = 797D221C1D8AED2800770B72 /* Build configuration list for PBXNativeTarget "UtilsDemoTests" */;
			buildPhases = (
				3352C29C438BBCE4999F936A /* [CP] Check Pods Manifest.lock */,
				797D22011D8AED2800770B72 /* Sources */,
				797D22021D8AED2800770B72 /* Frameworks */,
				797D22031D8AED2800770B72 /* Resources */,
				9C1ACF784A1EDABAFCCECB75 /* [CP] Embed Pods Frameworks */,
				9FFBC1F8AC3CF8E363F7C203 /* [CP] Copy Pods Resources */,
			);
			buildRules = (
			);
			dependencies = (
				797D22071D8AED2800770B72 /* PBXTargetDependency */,
			);
			name = UtilsDemoTests;
			productName = UtilsDemoTests;
			productReference = 797D22051D8AED2800770B72 /* UtilsDemoTests.xctest */;
			productType = "com.apple.product-type.bundle.unit-test";
		};
		797D220F1D8AED2800770B72 /* UtilsDemoUITests */ = {
			isa = PBXNativeTarget;
			buildConfigurationList = 797D221F1D8AED2800770B72 /* Build configuration list for PBXNativeTarget "UtilsDemoUITests" */;
			buildPhases = (
				4543405DE29BACCEE4F45A91 /* [CP] Check Pods Manifest.lock */,
				797D220C1D8AED2800770B72 /* Sources */,
				797D220D1D8AED2800770B72 /* Frameworks */,
				797D220E1D8AED2800770B72 /* Resources */,
				D8437D0DBEA127BEB5BFC83E /* [CP] Copy Pods Resources */,
				9785104D9259D72552353A4A /* [CP] Embed Pods Frameworks */,
			);
			buildRules = (
			);
			dependencies = (
				797D22121D8AED2800770B72 /* PBXTargetDependency */,
			);
			name = UtilsDemoUITests;
			productName = UtilsDemoUITests;
			productReference = 797D22101D8AED2800770B72 /* UtilsDemoUITests.xctest */;
			productType = "com.apple.product-type.bundle.ui-testing";
		};
/* End PBXNativeTarget section */

/* Begin PBXProject section */
		797D21E41D8AED2800770B72 /* Project object */ = {
			isa = PBXProject;
			attributes = {
				CLASSPREFIX = TTA;
				LastUpgradeCheck = 0800;
				ORGANIZATIONNAME = TobyoTenma;
				TargetAttributes = {
					797D21EB1D8AED2800770B72 = {
						CreatedOnToolsVersion = 8.0;
						DevelopmentTeam = EPSPHDMRQR;
						LastSwiftMigration = 0800;
						ProvisioningStyle = Automatic;
					};
					797D22041D8AED2800770B72 = {
						CreatedOnToolsVersion = 8.0;
						DevelopmentTeam = EPSPHDMRQR;
						ProvisioningStyle = Automatic;
						TestTargetID = 797D21EB1D8AED2800770B72;
					};
					797D220F1D8AED2800770B72 = {
						CreatedOnToolsVersion = 8.0;
						DevelopmentTeam = EPSPHDMRQR;
						ProvisioningStyle = Automatic;
						TestTargetID = 797D21EB1D8AED2800770B72;
					};
				};
			};
			buildConfigurationList = 797D21E71D8AED2800770B72 /* Build configuration list for PBXProject "UtilsDemo" */;
			compatibilityVersion = "Xcode 3.2";
			developmentRegion = English;
			hasScannedForEncodings = 0;
			knownRegions = (
				en,
				Base,
				"zh-Hans",
			);
			mainGroup = 797D21E31D8AED2800770B72;
			productRefGroup = 797D21ED1D8AED2800770B72 /* Products */;
			projectDirPath = "";
			projectRoot = "";
			targets = (
				797D21EB1D8AED2800770B72 /* UtilsDemo */,
				797D22041D8AED2800770B72 /* UtilsDemoTests */,
				797D220F1D8AED2800770B72 /* UtilsDemoUITests */,
			);
		};
/* End PBXProject section */

/* Begin PBXResourcesBuildPhase section */
		797D21EA1D8AED2800770B72 /* Resources */ = {
			isa = PBXResourcesBuildPhase;
			buildActionMask = 2147483647;
			files = (
				79B03E5C1E5193510090A72F /* Localizable.strings in Resources */,
				79B03E641E5195790090A72F /* InfoPlist.strings in Resources */,
				79E869FC1E53F91D00A66933 /* TTANetworkConfigurations.plist in Resources */,
				7912DE8C1E4C20D4007307F6 /* TTAHUDIcon.bundle in Resources */,
				797D21FF1D8AED2800770B72 /* LaunchScreen.storyboard in Resources */,
				79C960E91DB9D6C800A28335 /* TestPay.html in Resources */,
				797D21FC1D8AED2800770B72 /* Assets.xcassets in Resources */,
			);
			runOnlyForDeploymentPostprocessing = 0;
		};
		797D22031D8AED2800770B72 /* Resources */ = {
			isa = PBXResourcesBuildPhase;
			buildActionMask = 2147483647;
			files = (
			);
			runOnlyForDeploymentPostprocessing = 0;
		};
		797D220E1D8AED2800770B72 /* Resources */ = {
			isa = PBXResourcesBuildPhase;
			buildActionMask = 2147483647;
			files = (
			);
			runOnlyForDeploymentPostprocessing = 0;
		};
/* End PBXResourcesBuildPhase section */

/* Begin PBXShellScriptBuildPhase section */
		3352C29C438BBCE4999F936A /* [CP] Check Pods Manifest.lock */ = {
			isa = PBXShellScriptBuildPhase;
			buildActionMask = 2147483647;
			files = (
			);
			inputPaths = (
			);
			name = "[CP] Check Pods Manifest.lock";
			outputPaths = (
			);
			runOnlyForDeploymentPostprocessing = 0;
			shellPath = /bin/sh;
			shellScript = "diff \"${PODS_ROOT}/../Podfile.lock\" \"${PODS_ROOT}/Manifest.lock\" > /dev/null\nif [ $? != 0 ] ; then\n    # print error to STDERR\n    echo \"error: The sandbox is not in sync with the Podfile.lock. Run 'pod install' or update your CocoaPods installation.\" >&2\n    exit 1\nfi\n";
			showEnvVarsInLog = 0;
		};
		4543405DE29BACCEE4F45A91 /* [CP] Check Pods Manifest.lock */ = {
			isa = PBXShellScriptBuildPhase;
			buildActionMask = 2147483647;
			files = (
			);
			inputPaths = (
			);
			name = "[CP] Check Pods Manifest.lock";
			outputPaths = (
			);
			runOnlyForDeploymentPostprocessing = 0;
			shellPath = /bin/sh;
			shellScript = "diff \"${PODS_ROOT}/../Podfile.lock\" \"${PODS_ROOT}/Manifest.lock\" > /dev/null\nif [ $? != 0 ] ; then\n    # print error to STDERR\n    echo \"error: The sandbox is not in sync with the Podfile.lock. Run 'pod install' or update your CocoaPods installation.\" >&2\n    exit 1\nfi\n";
			showEnvVarsInLog = 0;
		};
		470B8E81B7D46A4FF2B92400 /* [CP] Check Pods Manifest.lock */ = {
			isa = PBXShellScriptBuildPhase;
			buildActionMask = 2147483647;
			files = (
			);
			inputPaths = (
			);
			name = "[CP] Check Pods Manifest.lock";
			outputPaths = (
			);
			runOnlyForDeploymentPostprocessing = 0;
			shellPath = /bin/sh;
			shellScript = "diff \"${PODS_ROOT}/../Podfile.lock\" \"${PODS_ROOT}/Manifest.lock\" > /dev/null\nif [ $? != 0 ] ; then\n    # print error to STDERR\n    echo \"error: The sandbox is not in sync with the Podfile.lock. Run 'pod install' or update your CocoaPods installation.\" >&2\n    exit 1\nfi\n";
			showEnvVarsInLog = 0;
		};
		64A01C165F96F4F7209EB76B /* [CP] Copy Pods Resources */ = {
			isa = PBXShellScriptBuildPhase;
			buildActionMask = 2147483647;
			files = (
			);
			inputPaths = (
			);
			name = "[CP] Copy Pods Resources";
			outputPaths = (
			);
			runOnlyForDeploymentPostprocessing = 0;
			shellPath = /bin/sh;
			shellScript = "\"${SRCROOT}/Pods/Target Support Files/Pods-UtilsDemo/Pods-UtilsDemo-resources.sh\"\n";
			showEnvVarsInLog = 0;
		};
		9785104D9259D72552353A4A /* [CP] Embed Pods Frameworks */ = {
			isa = PBXShellScriptBuildPhase;
			buildActionMask = 2147483647;
			files = (
			);
			inputPaths = (
			);
			name = "[CP] Embed Pods Frameworks";
			outputPaths = (
			);
			runOnlyForDeploymentPostprocessing = 0;
			shellPath = /bin/sh;
			shellScript = "\"${SRCROOT}/Pods/Target Support Files/Pods-UtilsDemoUITests/Pods-UtilsDemoUITests-frameworks.sh\"\n";
			showEnvVarsInLog = 0;
		};
		9C1ACF784A1EDABAFCCECB75 /* [CP] Embed Pods Frameworks */ = {
			isa = PBXShellScriptBuildPhase;
			buildActionMask = 2147483647;
			files = (
			);
			inputPaths = (
			);
			name = "[CP] Embed Pods Frameworks";
			outputPaths = (
			);
			runOnlyForDeploymentPostprocessing = 0;
			shellPath = /bin/sh;
			shellScript = "\"${SRCROOT}/Pods/Target Support Files/Pods-UtilsDemoTests/Pods-UtilsDemoTests-frameworks.sh\"\n";
			showEnvVarsInLog = 0;
		};
		9E7BE08802FFF8D7BD5736E5 /* [CP] Embed Pods Frameworks */ = {
			isa = PBXShellScriptBuildPhase;
			buildActionMask = 2147483647;
			files = (
			);
			inputPaths = (
			);
			name = "[CP] Embed Pods Frameworks";
			outputPaths = (
			);
			runOnlyForDeploymentPostprocessing = 0;
			shellPath = /bin/sh;
			shellScript = "\"${SRCROOT}/Pods/Target Support Files/Pods-UtilsDemo/Pods-UtilsDemo-frameworks.sh\"\n";
			showEnvVarsInLog = 0;
		};
		9FFBC1F8AC3CF8E363F7C203 /* [CP] Copy Pods Resources */ = {
			isa = PBXShellScriptBuildPhase;
			buildActionMask = 2147483647;
			files = (
			);
			inputPaths = (
			);
			name = "[CP] Copy Pods Resources";
			outputPaths = (
			);
			runOnlyForDeploymentPostprocessing = 0;
			shellPath = /bin/sh;
			shellScript = "\"${SRCROOT}/Pods/Target Support Files/Pods-UtilsDemoTests/Pods-UtilsDemoTests-resources.sh\"\n";
			showEnvVarsInLog = 0;
		};
		D8437D0DBEA127BEB5BFC83E /* [CP] Copy Pods Resources */ = {
			isa = PBXShellScriptBuildPhase;
			buildActionMask = 2147483647;
			files = (
			);
			inputPaths = (
			);
			name = "[CP] Copy Pods Resources";
			outputPaths = (
			);
			runOnlyForDeploymentPostprocessing = 0;
			shellPath = /bin/sh;
			shellScript = "\"${SRCROOT}/Pods/Target Support Files/Pods-UtilsDemoUITests/Pods-UtilsDemoUITests-resources.sh\"\n";
			showEnvVarsInLog = 0;
		};
/* End PBXShellScriptBuildPhase section */

/* Begin PBXSourcesBuildPhase section */
		797D21E81D8AED2800770B72 /* Sources */ = {
			isa = PBXSourcesBuildPhase;
			buildActionMask = 2147483647;
			files = (
				791EE43B1E533EA600C80B6E /* TTAApiManager.m in Sources */,
				79C960E71DB9D67E00A28335 /* ZLCWebView.m in Sources */,
				792B1BD11DB92CEF00FF326D /* UIColor+Common.m in Sources */,
				792D70381DCEE9A200C3E8FF /* TTAMainTabBarController.m in Sources */,
				79214DA21E4ACB8F0085041A /* UILabel+Common.m in Sources */,
				790174C61DC790CD00D87D2A /* AppDelegate+RootController.m in Sources */,
				792D703B1DCEF79C00C3E8FF /* UIAlertController+Block.m in Sources */,
				79E6E6671E5DC60B000A7DBB /* UIView+LayoutMethods.m in Sources */,
				797D22261D8AEDB100770B72 /* UIView+Frame.m in Sources */,
				79B03E521E5154820090A72F /* TTAApiProxy.m in Sources */,
				792B1BD51DB92D1C00FF326D /* NSObject+Log.m in Sources */,
				790539D21DA61E96002EB686 /* NSDictionary+Common.m in Sources */,
				792D70341DCEE99700C3E8FF /* TTABaseTableViewController.m in Sources */,
				7912DE8A1E4C004F007307F6 /* TTAHUDTestTableViewController.m in Sources */,
				79092BD51E5E7DC50037345C /* UIButton+Common.m in Sources */,
				790539D11DA61E96002EB686 /* NSArray+Common.m in Sources */,
				792B1BD81DB92E4C00FF326D /* NSString+Matching.m in Sources */,
				79C960E61DB9D67E00A28335 /* TTAWebViewController.m in Sources */,
				790539D71DA627C3002EB686 /* UIButton+Block.m in Sources */,
				792D70471DCF30B800C3E8FF /* TTAViewController2.m in Sources */,
				79B03E691E51B0550090A72F /* TTARequest.m in Sources */,
				79F4CD391E4B55000038D915 /* TTAHUD.m in Sources */,
				792D70441DCF2ECA00C3E8FF /* TTAViewController.m in Sources */,
				7926A1761DC8DD6100DF4744 /* TTACoreDataManagedContext.m in Sources */,
				792D70331DCEE99700C3E8FF /* TTABaseCollectionViewController.m in Sources */,
				79243E661DDB63CA008E35C4 /* UINavigationController+Common.m in Sources */,
				79E86A001E53F9E200A66933 /* TTAAppContext.m in Sources */,
				791EE43E1E5353B200C80B6E /* TTAProductApiService.m in Sources */,
				792D70321DCEE99700C3E8FF /* TTABaseArrayDataSource.m in Sources */,
				790174C91DC790F800D87D2A /* AppDelegate+AppService.m in Sources */,
				791EE4411E535A4000C80B6E /* TTAServiceFactory.m in Sources */,
				79B03E6C1E51B5050090A72F /* TTAResponse.m in Sources */,
				797D21F41D8AED2800770B72 /* AppDelegate.m in Sources */,
				792B1BCC1DB92CA200FF326D /* NSString+RegularExpression.m in Sources */,
				79F4CD3C1E4B5F8D0038D915 /* NSString+Common.m in Sources */,
				79C604AE1DCCDE56001CA4A0 /* TTATestTableViewController.m in Sources */,
				792B1BD21DB92CEF00FF326D /* UIImage+Common.m in Sources */,
				797D21F11D8AED2800770B72 /* main.m in Sources */,
				79B03E591E516D150090A72F /* TTALanguageTool.m in Sources */,
				792D70351DCEE99700C3E8FF /* TTABaseViewController.m in Sources */,
				795AC74C1DB3323D00419703 /* UIView+Common.m in Sources */,
				79E86A081E540E9400A66933 /* NSString+Hash.m in Sources */,
				795AC7521DB3403900419703 /* UIViewCommon.swift in Sources */,
				791EE4371E53362800C80B6E /* TTAService.m in Sources */,
				792D70411DCF1DF500C3E8FF /* UIView+Effect.m in Sources */,
			);
			runOnlyForDeploymentPostprocessing = 0;
		};
		797D22011D8AED2800770B72 /* Sources */ = {
			isa = PBXSourcesBuildPhase;
			buildActionMask = 2147483647;
			files = (
				797D220A1D8AED2800770B72 /* UtilsDemoTests.m in Sources */,
				79E86A041E54072200A66933 /* TTARequestTests.m in Sources */,
			);
			runOnlyForDeploymentPostprocessing = 0;
		};
		797D220C1D8AED2800770B72 /* Sources */ = {
			isa = PBXSourcesBuildPhase;
			buildActionMask = 2147483647;
			files = (
				797D22151D8AED2800770B72 /* UtilsDemoUITests.m in Sources */,
			);
			runOnlyForDeploymentPostprocessing = 0;
		};
/* End PBXSourcesBuildPhase section */

/* Begin PBXTargetDependency section */
		797D22071D8AED2800770B72 /* PBXTargetDependency */ = {
			isa = PBXTargetDependency;
			target = 797D21EB1D8AED2800770B72 /* UtilsDemo */;
			targetProxy = 797D22061D8AED2800770B72 /* PBXContainerItemProxy */;
		};
		797D22121D8AED2800770B72 /* PBXTargetDependency */ = {
			isa = PBXTargetDependency;
			target = 797D21EB1D8AED2800770B72 /* UtilsDemo */;
			targetProxy = 797D22111D8AED2800770B72 /* PBXContainerItemProxy */;
		};
/* End PBXTargetDependency section */

/* Begin PBXVariantGroup section */
		797D21FD1D8AED2800770B72 /* LaunchScreen.storyboard */ = {
			isa = PBXVariantGroup;
			children = (
				797D21FE1D8AED2800770B72 /* Base */,
				79B03E5F1E5193880090A72F /* zh-Hans */,
			);
			name = LaunchScreen.storyboard;
			sourceTree = "<group>";
		};
		79B03E5E1E5193510090A72F /* Localizable.strings */ = {
			isa = PBXVariantGroup;
			children = (
				79B03E601E5193880090A72F /* zh-Hans */,
				79B03E611E5193930090A72F /* en */,
			);
			name = Localizable.strings;
			sourceTree = "<group>";
		};
		79B03E661E5195790090A72F /* InfoPlist.strings */ = {
			isa = PBXVariantGroup;
			children = (
				79B03E651E5195790090A72F /* Base */,
			);
			name = InfoPlist.strings;
			sourceTree = "<group>";
		};
/* End PBXVariantGroup section */

/* Begin XCBuildConfiguration section */
		797D22171D8AED2800770B72 /* Debug */ = {
			isa = XCBuildConfiguration;
			buildSettings = {
				ALWAYS_SEARCH_USER_PATHS = NO;
				CLANG_ANALYZER_LOCALIZABILITY_NONLOCALIZED = YES;
				CLANG_ANALYZER_NONNULL = YES;
				CLANG_CXX_LANGUAGE_STANDARD = "gnu++0x";
				CLANG_CXX_LIBRARY = "libc++";
				CLANG_ENABLE_MODULES = YES;
				CLANG_ENABLE_OBJC_ARC = YES;
				CLANG_WARN_BOOL_CONVERSION = YES;
				CLANG_WARN_CONSTANT_CONVERSION = YES;
				CLANG_WARN_DIRECT_OBJC_ISA_USAGE = YES_ERROR;
				CLANG_WARN_DOCUMENTATION_COMMENTS = YES;
				CLANG_WARN_EMPTY_BODY = YES;
				CLANG_WARN_ENUM_CONVERSION = YES;
				CLANG_WARN_INFINITE_RECURSION = YES;
				CLANG_WARN_INT_CONVERSION = YES;
				CLANG_WARN_OBJC_ROOT_CLASS = YES_ERROR;
				CLANG_WARN_SUSPICIOUS_MOVE = YES;
				CLANG_WARN_SUSPICIOUS_MOVES = YES;
				CLANG_WARN_UNREACHABLE_CODE = YES;
				CLANG_WARN__DUPLICATE_METHOD_MATCH = YES;
				"CODE_SIGN_IDENTITY[sdk=iphoneos*]" = "iPhone Developer";
				COPY_PHASE_STRIP = NO;
				DEBUG_INFORMATION_FORMAT = dwarf;
				ENABLE_STRICT_OBJC_MSGSEND = YES;
				ENABLE_TESTABILITY = YES;
				GCC_C_LANGUAGE_STANDARD = gnu99;
				GCC_DYNAMIC_NO_PIC = NO;
				GCC_NO_COMMON_BLOCKS = YES;
				GCC_OPTIMIZATION_LEVEL = 0;
				GCC_PREPROCESSOR_DEFINITIONS = (
					"DEBUG=1",
					"$(inherited)",
				);
				GCC_WARN_64_TO_32_BIT_CONVERSION = YES;
				GCC_WARN_ABOUT_RETURN_TYPE = YES_ERROR;
				GCC_WARN_UNDECLARED_SELECTOR = YES;
				GCC_WARN_UNINITIALIZED_AUTOS = YES_AGGRESSIVE;
				GCC_WARN_UNUSED_FUNCTION = YES;
				GCC_WARN_UNUSED_VARIABLE = YES;
				IPHONEOS_DEPLOYMENT_TARGET = 10.0;
				MTL_ENABLE_DEBUG_INFO = YES;
				ONLY_ACTIVE_ARCH = YES;
				SDKROOT = iphoneos;
				TARGETED_DEVICE_FAMILY = "1,2";
			};
			name = Debug;
		};
		797D22181D8AED2800770B72 /* Release */ = {
			isa = XCBuildConfiguration;
			buildSettings = {
				ALWAYS_SEARCH_USER_PATHS = NO;
				CLANG_ANALYZER_LOCALIZABILITY_NONLOCALIZED = YES;
				CLANG_ANALYZER_NONNULL = YES;
				CLANG_CXX_LANGUAGE_STANDARD = "gnu++0x";
				CLANG_CXX_LIBRARY = "libc++";
				CLANG_ENABLE_MODULES = YES;
				CLANG_ENABLE_OBJC_ARC = YES;
				CLANG_WARN_BOOL_CONVERSION = YES;
				CLANG_WARN_CONSTANT_CONVERSION = YES;
				CLANG_WARN_DIRECT_OBJC_ISA_USAGE = YES_ERROR;
				CLANG_WARN_DOCUMENTATION_COMMENTS = YES;
				CLANG_WARN_EMPTY_BODY = YES;
				CLANG_WARN_ENUM_CONVERSION = YES;
				CLANG_WARN_INFINITE_RECURSION = YES;
				CLANG_WARN_INT_CONVERSION = YES;
				CLANG_WARN_OBJC_ROOT_CLASS = YES_ERROR;
				CLANG_WARN_SUSPICIOUS_MOVE = YES;
				CLANG_WARN_SUSPICIOUS_MOVES = YES;
				CLANG_WARN_UNREACHABLE_CODE = YES;
				CLANG_WARN__DUPLICATE_METHOD_MATCH = YES;
				"CODE_SIGN_IDENTITY[sdk=iphoneos*]" = "iPhone Developer";
				COPY_PHASE_STRIP = NO;
				DEBUG_INFORMATION_FORMAT = "dwarf-with-dsym";
				ENABLE_NS_ASSERTIONS = NO;
				ENABLE_STRICT_OBJC_MSGSEND = YES;
				GCC_C_LANGUAGE_STANDARD = gnu99;
				GCC_NO_COMMON_BLOCKS = YES;
				GCC_WARN_64_TO_32_BIT_CONVERSION = YES;
				GCC_WARN_ABOUT_RETURN_TYPE = YES_ERROR;
				GCC_WARN_UNDECLARED_SELECTOR = YES;
				GCC_WARN_UNINITIALIZED_AUTOS = YES_AGGRESSIVE;
				GCC_WARN_UNUSED_FUNCTION = YES;
				GCC_WARN_UNUSED_VARIABLE = YES;
				IPHONEOS_DEPLOYMENT_TARGET = 10.0;
				MTL_ENABLE_DEBUG_INFO = NO;
				SDKROOT = iphoneos;
				SWIFT_OPTIMIZATION_LEVEL = "-Owholemodule";
				TARGETED_DEVICE_FAMILY = "1,2";
				VALIDATE_PRODUCT = YES;
			};
			name = Release;
		};
		797D221A1D8AED2800770B72 /* Debug */ = {
			isa = XCBuildConfiguration;
			baseConfigurationReference = 8FDECACC294CD6F7461E8FEF /* Pods-UtilsDemo.debug.xcconfig */;
			buildSettings = {
				ASSETCATALOG_COMPILER_APPICON_NAME = AppIcon;
				CLANG_ENABLE_MODULES = YES;
				DEFINES_MODULE = YES;
				DEVELOPMENT_TEAM = EPSPHDMRQR;
				GCC_PREFIX_HEADER = "${SRCROOT}/UtilsDemo/Utils/GlobalUtils.pch";
				INFOPLIST_FILE = UtilsDemo/Info.plist;
				LD_RUNPATH_SEARCH_PATHS = "$(inherited) @executable_path/Frameworks";
				PRODUCT_BUNDLE_IDENTIFIER = win.tobyotenma.www.UtilsDemo;
				PRODUCT_NAME = "$(TARGET_NAME)";
				SWIFT_OBJC_BRIDGING_HEADER = "${SRCROOT}/UtilsDemo/Utils/UtilsDemo-Bridging-Header.h";
				SWIFT_OPTIMIZATION_LEVEL = "-Onone";
				SWIFT_VERSION = 3.0;
			};
			name = Debug;
		};
		797D221B1D8AED2800770B72 /* Release */ = {
			isa = XCBuildConfiguration;
			baseConfigurationReference = 63862C738628559F50F65683 /* Pods-UtilsDemo.release.xcconfig */;
			buildSettings = {
				ASSETCATALOG_COMPILER_APPICON_NAME = AppIcon;
				CLANG_ENABLE_MODULES = YES;
				DEFINES_MODULE = YES;
				DEVELOPMENT_TEAM = EPSPHDMRQR;
				GCC_PREFIX_HEADER = "${SRCROOT}/UtilsDemo/Utils/GlobalUtils.pch";
				INFOPLIST_FILE = UtilsDemo/Info.plist;
				LD_RUNPATH_SEARCH_PATHS = "$(inherited) @executable_path/Frameworks";
				PRODUCT_BUNDLE_IDENTIFIER = win.tobyotenma.www.UtilsDemo;
				PRODUCT_NAME = "$(TARGET_NAME)";
				SWIFT_OBJC_BRIDGING_HEADER = "${SRCROOT}/UtilsDemo/Utils/UtilsDemo-Bridging-Header.h";
				SWIFT_VERSION = 3.0;
			};
			name = Release;
		};
		797D221D1D8AED2800770B72 /* Debug */ = {
			isa = XCBuildConfiguration;
			baseConfigurationReference = 1E90CF879C8C3B650315D963 /* Pods-UtilsDemoTests.debug.xcconfig */;
			buildSettings = {
				ALWAYS_EMBED_SWIFT_STANDARD_LIBRARIES = YES;
				BUNDLE_LOADER = "$(TEST_HOST)";
				DEVELOPMENT_TEAM = EPSPHDMRQR;
				INFOPLIST_FILE = UtilsDemoTests/Info.plist;
				LD_RUNPATH_SEARCH_PATHS = "$(inherited) @executable_path/Frameworks @loader_path/Frameworks";
				PRODUCT_BUNDLE_IDENTIFIER = win.tobyotenma.www.UtilsDemoTests;
				PRODUCT_NAME = "$(TARGET_NAME)";
				TEST_HOST = "$(BUILT_PRODUCTS_DIR)/UtilsDemo.app/UtilsDemo";
			};
			name = Debug;
		};
		797D221E1D8AED2800770B72 /* Release */ = {
			isa = XCBuildConfiguration;
			baseConfigurationReference = 7BF6E0A3D6CF2FB1AE7CF09D /* Pods-UtilsDemoTests.release.xcconfig */;
			buildSettings = {
				ALWAYS_EMBED_SWIFT_STANDARD_LIBRARIES = YES;
				BUNDLE_LOADER = "$(TEST_HOST)";
				DEVELOPMENT_TEAM = EPSPHDMRQR;
				INFOPLIST_FILE = UtilsDemoTests/Info.plist;
				LD_RUNPATH_SEARCH_PATHS = "$(inherited) @executable_path/Frameworks @loader_path/Frameworks";
				PRODUCT_BUNDLE_IDENTIFIER = win.tobyotenma.www.UtilsDemoTests;
				PRODUCT_NAME = "$(TARGET_NAME)";
				TEST_HOST = "$(BUILT_PRODUCTS_DIR)/UtilsDemo.app/UtilsDemo";
			};
			name = Release;
		};
		797D22201D8AED2800770B72 /* Debug */ = {
			isa = XCBuildConfiguration;
			baseConfigurationReference = EA4FE7B9BFA4EAF0527FA010 /* Pods-UtilsDemoUITests.debug.xcconfig */;
			buildSettings = {
				ALWAYS_EMBED_SWIFT_STANDARD_LIBRARIES = YES;
				DEVELOPMENT_TEAM = EPSPHDMRQR;
				INFOPLIST_FILE = UtilsDemoUITests/Info.plist;
				LD_RUNPATH_SEARCH_PATHS = "$(inherited) @executable_path/Frameworks @loader_path/Frameworks";
				PRODUCT_BUNDLE_IDENTIFIER = win.tobyotenma.www.UtilsDemoUITests;
				PRODUCT_NAME = "$(TARGET_NAME)";
				TEST_TARGET_NAME = UtilsDemo;
			};
			name = Debug;
		};
		797D22211D8AED2800770B72 /* Release */ = {
			isa = XCBuildConfiguration;
			baseConfigurationReference = 055FF4B2B927219B2B10E4D4 /* Pods-UtilsDemoUITests.release.xcconfig */;
			buildSettings = {
				ALWAYS_EMBED_SWIFT_STANDARD_LIBRARIES = YES;
				DEVELOPMENT_TEAM = EPSPHDMRQR;
				INFOPLIST_FILE = UtilsDemoUITests/Info.plist;
				LD_RUNPATH_SEARCH_PATHS = "$(inherited) @executable_path/Frameworks @loader_path/Frameworks";
				PRODUCT_BUNDLE_IDENTIFIER = win.tobyotenma.www.UtilsDemoUITests;
				PRODUCT_NAME = "$(TARGET_NAME)";
				TEST_TARGET_NAME = UtilsDemo;
			};
			name = Release;
		};
/* End XCBuildConfiguration section */

/* Begin XCConfigurationList section */
		797D21E71D8AED2800770B72 /* Build configuration list for PBXProject "UtilsDemo" */ = {
			isa = XCConfigurationList;
			buildConfigurations = (
				797D22171D8AED2800770B72 /* Debug */,
				797D22181D8AED2800770B72 /* Release */,
			);
			defaultConfigurationIsVisible = 0;
			defaultConfigurationName = Release;
		};
		797D22191D8AED2800770B72 /* Build configuration list for PBXNativeTarget "UtilsDemo" */ = {
			isa = XCConfigurationList;
			buildConfigurations = (
				797D221A1D8AED2800770B72 /* Debug */,
				797D221B1D8AED2800770B72 /* Release */,
			);
			defaultConfigurationIsVisible = 0;
			defaultConfigurationName = Release;
		};
		797D221C1D8AED2800770B72 /* Build configuration list for PBXNativeTarget "UtilsDemoTests" */ = {
			isa = XCConfigurationList;
			buildConfigurations = (
				797D221D1D8AED2800770B72 /* Debug */,
				797D221E1D8AED2800770B72 /* Release */,
			);
			defaultConfigurationIsVisible = 0;
			defaultConfigurationName = Release;
		};
		797D221F1D8AED2800770B72 /* Build configuration list for PBXNativeTarget "UtilsDemoUITests" */ = {
			isa = XCConfigurationList;
			buildConfigurations = (
				797D22201D8AED2800770B72 /* Debug */,
				797D22211D8AED2800770B72 /* Release */,
			);
			defaultConfigurationIsVisible = 0;
			defaultConfigurationName = Release;
		};
/* End XCConfigurationList section */
	};
	rootObject = 797D21E41D8AED2800770B72 /* Project object */;
}
